
Microsoft Visual Studio Solution File, Format Version 12.00
# Visual Studio Version 17
VisualStudioVersion = 17.9.34728.123
MinimumVisualStudioVersion = 10.0.40219.1
Project("{FAE04EC0-301F-11D3-BF4B-00C04F79EFBC}") = "DigitalPlus.API", "DigitalPlus.API\DigitalPlus.API.csproj", "{EF6B7BE4-6B4F-4433-9A30-FCA22D53EB10}"
EndProject
Project("{FAE04EC0-301F-11D3-BF4B-00C04F79EFBC}") = "DigitalPlus.Data", "DigitalPlus.Data\DigitalPlus.Data.csproj", "{1194C4EB-A5DB-4FE8-B3FD-87984E6598BD}"
EndProject
Project("{FAE04EC0-301F-11D3-BF4B-00C04F79EFBC}") = "DigitalPlus.Service", "DigitalPlus.Service\DigitalPlus.Service.csproj", "{733CFDCA-D30D-4651-B4A5-ED4F22A30902}"
EndProject
Global
	GlobalSection(SolutionConfigurationPlatforms) = preSolution
		Debug|Any CPU = Debug|Any CPU
		Release|Any CPU = Release|Any CPU
	EndGlobalSection
	GlobalSection(ProjectConfigurationPlatforms) = postSolution
		{EF6B7BE4-6B4F-4433-9A30-FCA22D53EB10}.Debug|Any CPU.ActiveCfg = Debug|Any CPU
		{EF6B7BE4-6B4F-4433-9A30-FCA22D53EB10}.Debug|Any CPU.Build.0 = Debug|Any CPU
		{EF6B7BE4-6B4F-4433-9A30-FCA22D53EB10}.Release|Any CPU.ActiveCfg = Release|Any CPU
		{EF6B7BE4-6B4F-4433-9A30-FCA22D53EB10}.Release|Any CPU.Build.0 = Release|Any CPU
		{1194C4EB-A5DB-4FE8-B3FD-87984E6598BD}.Debug|Any CPU.ActiveCfg = Debug|Any CPU
		{1194C4EB-A5DB-4FE8-B3FD-87984E6598BD}.Debug|Any CPU.Build.0 = Debug|Any CPU
		{1194C4EB-A5DB-4FE8-B3FD-87984E6598BD}.Release|Any CPU.ActiveCfg = Release|Any CPU
		{1194C4EB-A5DB-4FE8-B3FD-87984E6598BD}.Release|Any CPU.Build.0 = Release|Any CPU
		{733CFDCA-D30D-4651-B4A5-ED4F22A30902}.Debug|Any CPU.ActiveCfg = Debug|Any CPU
		{733CFDCA-D30D-4651-B4A5-ED4F22A30902}.Debug|Any CPU.Build.0 = Debug|Any CPU
		{733CFDCA-D30D-4651-B4A5-ED4F22A30902}.Release|Any CPU.ActiveCfg = Release|Any CPU
		{733CFDCA-D30D-4651-B4A5-ED4F22A30902}.Release|Any CPU.Build.0 = Release|Any CPU
	EndGlobalSection
	GlobalSection(SolutionProperties) = preSolution
		HideSolutionNode = FALSE
	EndGlobalSection
	GlobalSection(ExtensibilityGlobals) = postSolution
		SolutionGuid = {FC9EFC08-573E-43E4-BCEB-245BF74A039C}
	EndGlobalSection
EndGlobal
